
Microsoft Visual Studio Solution File, Format Version 12.00
# Visual Studio Version 17
VisualStudioVersion = 17.3.32819.101
MinimumVisualStudioVersion = 10.0.40219.1
Project("{FAE04EC0-301F-11D3-BF4B-00C04F79EFBC}") = "Task I", "Task I\Task I.csproj", "{81528CA6-CCA1-4BE0-AD99-292C90CCF74D}"
EndProject
Global
	GlobalSection(SolutionConfigurationPlatforms) = preSolution
		Debug|Any CPU = Debug|Any CPU
		Release|Any CPU = Release|Any CPU
	EndGlobalSection
	GlobalSection(ProjectConfigurationPlatforms) = postSolution
		{81528CA6-CCA1-4BE0-AD99-292C90CCF74D}.Debug|Any CPU.ActiveCfg = Debug|Any CPU
		{81528CA6-CCA1-4BE0-AD99-292C90CCF74D}.Debug|Any CPU.Build.0 = Debug|Any CPU
		{81528CA6-CCA1-4BE0-AD99-292C90CCF74D}.Release|Any CPU.ActiveCfg = Release|Any CPU
		{81528CA6-CCA1-4BE0-AD99-292C90CCF74D}.Release|Any CPU.Build.0 = Release|Any CPU
	EndGlobalSection
	GlobalSection(SolutionProperties) = preSolution
		HideSolutionNode = FALSE
	EndGlobalSection
	GlobalSection(ExtensibilityGlobals) = postSolution
		SolutionGuid = {F16F81BE-2427-4304-8D8B-430D2B6EF416}
	EndGlobalSection
EndGlobal
